
Microsoft Visual Studio Solution File, Format Version 11.00
# Visual Studio 2010
Project("{FAE04EC0-301F-11D3-BF4B-00C04F79EFBC}") = "MultiBaseTest-1 - Copy - Copy", "Assembly-CSharp.csproj", "{5190A90E-53F1-400B-B6B7-6402B94F14FB}"
EndProject
Global
	GlobalSection(SolutionConfigurationPlatforms) = preSolution
		Debug|Any CPU = Debug|Any CPU
		Release|Any CPU = Release|Any CPU
	EndGlobalSection
	GlobalSection(ProjectConfigurationPlatforms) = postSolution
		{5190A90E-53F1-400B-B6B7-6402B94F14FB}.Debug|Any CPU.ActiveCfg = Debug|Any CPU
		{5190A90E-53F1-400B-B6B7-6402B94F14FB}.Debug|Any CPU.Build.0 = Debug|Any CPU
		{5190A90E-53F1-400B-B6B7-6402B94F14FB}.Release|Any CPU.ActiveCfg = Release|Any CPU
		{5190A90E-53F1-400B-B6B7-6402B94F14FB}.Release|Any CPU.Build.0 = Release|Any CPU
	EndGlobalSection
	GlobalSection(SolutionProperties) = preSolution
		HideSolutionNode = FALSE
	EndGlobalSection
	GlobalSection(MonoDevelopProperties) = preSolution
		StartupItem = Assembly-CSharp.csproj
	EndGlobalSection
EndGlobal
